
Microsoft Visual Studio Solution File, Format Version 12.00
# Visual Studio Version 16
VisualStudioVersion = 16.0.31911.196
MinimumVisualStudioVersion = 10.0.40219.1
Project("{9A19103F-16F7-4668-BE54-9A1E7A4F7556}") = "RecipeProjectMVC", "RecipeProjectMVC\RecipeProjectMVC.csproj", "{48E4A27E-C95D-421F-8097-F2770EFFE7AA}"
EndProject
Project("{9A19103F-16F7-4668-BE54-9A1E7A4F7556}") = "RecipeProjectClassLibrary", "RecipeProjectClassLibrary\RecipeProjectClassLibrary.csproj", "{70577930-6FFD-4DE5-ADE0-0ABF25D6CCEC}"
EndProject
Project("{9A19103F-16F7-4668-BE54-9A1E7A4F7556}") = "RecipeProjectWebAPI", "RecipeProjectWebAPI\RecipeProjectWebAPI.csproj", "{39BB2200-8831-4585-A57C-388445A2A829}"
EndProject
Project("{FAE04EC0-301F-11D3-BF4B-00C04F79EFBC}") = "RecipeProjectBrowserTests", "RecipeProjectBrowserTests\RecipeProjectBrowserTests.csproj", "{448E6313-EFDF-43A1-87C2-2029879F3915}"
EndProject
Global
	GlobalSection(SolutionConfigurationPlatforms) = preSolution
		Debug|Any CPU = Debug|Any CPU
		Release|Any CPU = Release|Any CPU
	EndGlobalSection
	GlobalSection(ProjectConfigurationPlatforms) = postSolution
		{48E4A27E-C95D-421F-8097-F2770EFFE7AA}.Debug|Any CPU.ActiveCfg = Debug|Any CPU
		{48E4A27E-C95D-421F-8097-F2770EFFE7AA}.Debug|Any CPU.Build.0 = Debug|Any CPU
		{48E4A27E-C95D-421F-8097-F2770EFFE7AA}.Release|Any CPU.ActiveCfg = Release|Any CPU
		{48E4A27E-C95D-421F-8097-F2770EFFE7AA}.Release|Any CPU.Build.0 = Release|Any CPU
		{70577930-6FFD-4DE5-ADE0-0ABF25D6CCEC}.Debug|Any CPU.ActiveCfg = Debug|Any CPU
		{70577930-6FFD-4DE5-ADE0-0ABF25D6CCEC}.Debug|Any CPU.Build.0 = Debug|Any CPU
		{70577930-6FFD-4DE5-ADE0-0ABF25D6CCEC}.Release|Any CPU.ActiveCfg = Release|Any CPU
		{70577930-6FFD-4DE5-ADE0-0ABF25D6CCEC}.Release|Any CPU.Build.0 = Release|Any CPU
		{39BB2200-8831-4585-A57C-388445A2A829}.Debug|Any CPU.ActiveCfg = Debug|Any CPU
		{39BB2200-8831-4585-A57C-388445A2A829}.Debug|Any CPU.Build.0 = Debug|Any CPU
		{39BB2200-8831-4585-A57C-388445A2A829}.Release|Any CPU.ActiveCfg = Release|Any CPU
		{39BB2200-8831-4585-A57C-388445A2A829}.Release|Any CPU.Build.0 = Release|Any CPU
		{448E6313-EFDF-43A1-87C2-2029879F3915}.Debug|Any CPU.ActiveCfg = Debug|Any CPU
		{448E6313-EFDF-43A1-87C2-2029879F3915}.Debug|Any CPU.Build.0 = Debug|Any CPU
		{448E6313-EFDF-43A1-87C2-2029879F3915}.Release|Any CPU.ActiveCfg = Release|Any CPU
		{448E6313-EFDF-43A1-87C2-2029879F3915}.Release|Any CPU.Build.0 = Release|Any CPU
	EndGlobalSection
	GlobalSection(SolutionProperties) = preSolution
		HideSolutionNode = FALSE
	EndGlobalSection
	GlobalSection(ExtensibilityGlobals) = postSolution
		SolutionGuid = {934FEFF6-6532-4653-B171-8BCF91F997F4}
	EndGlobalSection
EndGlobal
